{
  "name": "gestor-modular",
  "version": "0.1.0",
  "lockfileVersion": 3,
  "requires": true,
  "packages": {
    "": {
      "name": "gestor-modular",
      "version": "0.1.0",
      "license": "MIT",
      "dependencies": {
        "lucide-react": "^0.363.0",
        "papaparse": "^5.4.1",
        "react": "^18.2.0",
        "react-dom": "^18.2.0"
      },
      "devDependencies": {
        "react-scripts": "^5.0.1"
      }
    }
  },
  "dependencies": {
    "lucide-react": {
      "version": "^0.363.0"
    },
    "papaparse": {
      "version": "^5.4.1"
    },
    "react": {
      "version": "^18.2.0"
    },
    "react-dom": {
      "version": "^18.2.0"
    }
  },
  "devDependencies": {
    "react-scripts": {
      "version": "^5.0.1"
    }
  }
}
